
Microsoft Visual Studio Solution File, Format Version 12.00
# Visual Studio Version 16
VisualStudioVersion = 16.0.29613.14
MinimumVisualStudioVersion = 10.0.40219.1
Project("{8BC9CEB8-8B4A-11D0-8D11-00A0C91BC942}") = "Workshop_5", "Workshop_5.vcxproj", "{7B0428CD-8175-4016-A40A-C4A319697A66}"
EndProject
Global
	GlobalSection(SolutionConfigurationPlatforms) = preSolution
		Debug|x64 = Debug|x64
		Debug|x86 = Debug|x86
		Release|x64 = Release|x64
		Release|x86 = Release|x86
	EndGlobalSection
	GlobalSection(ProjectConfigurationPlatforms) = postSolution
		{7B0428CD-8175-4016-A40A-C4A319697A66}.Debug|x64.ActiveCfg = Debug|x64
		{7B0428CD-8175-4016-A40A-C4A319697A66}.Debug|x64.Build.0 = Debug|x64
		{7B0428CD-8175-4016-A40A-C4A319697A66}.Debug|x86.ActiveCfg = Debug|Win32
		{7B0428CD-8175-4016-A40A-C4A319697A66}.Debug|x86.Build.0 = Debug|Win32
		{7B0428CD-8175-4016-A40A-C4A319697A66}.Release|x64.ActiveCfg = Release|x64
		{7B0428CD-8175-4016-A40A-C4A319697A66}.Release|x64.Build.0 = Release|x64
		{7B0428CD-8175-4016-A40A-C4A319697A66}.Release|x86.ActiveCfg = Release|Win32
		{7B0428CD-8175-4016-A40A-C4A319697A66}.Release|x86.Build.0 = Release|Win32
	EndGlobalSection
	GlobalSection(SolutionProperties) = preSolution
		HideSolutionNode = FALSE
	EndGlobalSection
	GlobalSection(ExtensibilityGlobals) = postSolution
		SolutionGuid = {71222548-B37F-4B70-A069-81465FBC59EA}
	EndGlobalSection
EndGlobal
